# This file is automatically @generated by Cargo.
# It is not intended for manual editing.
version = 3

[[package]]
name = "aho-corasick"
version = "0.7.18"
source = "registry+https://github.com/rust-lang/crates.io-index"
checksum = "1e37cfd5e7657ada45f742d6e99ca5788580b5c529dc78faf11ece6dc702656f"
dependencies = [
 "memchr",
]

[[package]]
name = "calcit_regex"
version = "0.0.1"
dependencies = [
 "cirru_edn",
 "cirru_parser",
 "regex",
]

[[package]]
name = "cirru_edn"
version = "0.2.11"
source = "registry+https://github.com/rust-lang/crates.io-index"
checksum = "a0ee334f8cc2ee791e8f0df7f934a50ce4cb48d2169b3d1bf7a3b2fbace3564a"
dependencies = [
 "cirru_parser",
 "hex",
 "lazy_static",
]

[[package]]
name = "cirru_parser"
version = "0.1.16"
source = "registry+https://github.com/rust-lang/crates.io-index"
checksum = "f5004e11be1bc491748d59b73e3e0ad4f73ff2bbb47e0a9b3e205a83dc416fde"

[[package]]
name = "hex"
version = "0.4.3"
source = "registry+https://github.com/rust-lang/crates.io-index"
checksum = "7f24254aa9a54b5c858eaee2f5bccdb46aaf0e486a595ed5fd8f86ba55232a70"

[[package]]
name = "lazy_static"
version = "1.4.0"
source = "registry+https://github.com/rust-lang/crates.io-index"
checksum = "e2abad23fbc42b3700f2f279844dc832adb2b2eb069b2df918f455c4e18cc646"

[[package]]
name = "memchr"
version = "2.4.1"
source = "registry+https://github.com/rust-lang/crates.io-index"
checksum = "308cc39be01b73d0d18f82a0e7b2a3df85245f84af96fdddc5d202d27e47b86a"

[[package]]
name = "regex"
version = "1.5.4"
source = "registry+https://github.com/rust-lang/crates.io-index"
checksum = "d07a8629359eb56f1e2fb1652bb04212c072a87ba68546a04065d525673ac461"
dependencies = [
 "aho-corasick",
 "memchr",
 "regex-syntax",
]

[[package]]
name = "regex-syntax"
version = "0.6.25"
source = "registry+https://github.com/rust-lang/crates.io-index"
checksum = "f497285884f3fcff424ffc933e56d7cbca511def0c9831a7f9b5f6153e3cc89b"
